
Microsoft Visual Studio Solution File, Format Version 12.00
# Visual Studio 15
VisualStudioVersion = 15.0.27428.2011
MinimumVisualStudioVersion = 10.0.40219.1
Project("{FAE04EC0-301F-11D3-BF4B-00C04F79EFBC}") = "DesignPatterns", "DesignPatterns\DesignPatterns.csproj", "{3603120A-6426-47A5-9E21-EC0915A3B611}"
EndProject
Project("{FAE04EC0-301F-11D3-BF4B-00C04F79EFBC}") = "DesignPatterns.Test", "DesignPatterns.Test\DesignPatterns.Test.csproj", "{A083D884-2F70-4009-AD6C-3633D93D6088}"
EndProject
Global
	GlobalSection(SolutionConfigurationPlatforms) = preSolution
		Debug|Any CPU = Debug|Any CPU
		Release|Any CPU = Release|Any CPU
	EndGlobalSection
	GlobalSection(ProjectConfigurationPlatforms) = postSolution
		{3603120A-6426-47A5-9E21-EC0915A3B611}.Debug|Any CPU.ActiveCfg = Debug|Any CPU
		{3603120A-6426-47A5-9E21-EC0915A3B611}.Debug|Any CPU.Build.0 = Debug|Any CPU
		{3603120A-6426-47A5-9E21-EC0915A3B611}.Release|Any CPU.ActiveCfg = Release|Any CPU
		{3603120A-6426-47A5-9E21-EC0915A3B611}.Release|Any CPU.Build.0 = Release|Any CPU
		{A083D884-2F70-4009-AD6C-3633D93D6088}.Debug|Any CPU.ActiveCfg = Debug|Any CPU
		{A083D884-2F70-4009-AD6C-3633D93D6088}.Debug|Any CPU.Build.0 = Debug|Any CPU
		{A083D884-2F70-4009-AD6C-3633D93D6088}.Release|Any CPU.ActiveCfg = Release|Any CPU
		{A083D884-2F70-4009-AD6C-3633D93D6088}.Release|Any CPU.Build.0 = Release|Any CPU
	EndGlobalSection
	GlobalSection(SolutionProperties) = preSolution
		HideSolutionNode = FALSE
	EndGlobalSection
	GlobalSection(ExtensibilityGlobals) = postSolution
		SolutionGuid = {C0721988-7AED-4089-9451-3A80C9304CA3}
	EndGlobalSection
EndGlobal
