
Microsoft Visual Studio Solution File, Format Version 12.00
# Visual Studio 15
VisualStudioVersion = 15.0.27428.2011
MinimumVisualStudioVersion = 10.0.40219.1
Project("{FAE04EC0-301F-11D3-BF4B-00C04F79EFBC}") = "Async", "Async\Async.csproj", "{D43D4815-AF7B-4E42-A2AC-AB702802BA56}"
EndProject
Project("{FAE04EC0-301F-11D3-BF4B-00C04F79EFBC}") = "Async.Tests", "Async.Tests\Async.Tests.csproj", "{65FBF5EF-F103-446B-B853-62BDE21454F5}"
EndProject
Global
	GlobalSection(SolutionConfigurationPlatforms) = preSolution
		Debug|Any CPU = Debug|Any CPU
		Release|Any CPU = Release|Any CPU
	EndGlobalSection
	GlobalSection(ProjectConfigurationPlatforms) = postSolution
		{D43D4815-AF7B-4E42-A2AC-AB702802BA56}.Debug|Any CPU.ActiveCfg = Debug|Any CPU
		{D43D4815-AF7B-4E42-A2AC-AB702802BA56}.Debug|Any CPU.Build.0 = Debug|Any CPU
		{D43D4815-AF7B-4E42-A2AC-AB702802BA56}.Release|Any CPU.ActiveCfg = Release|Any CPU
		{D43D4815-AF7B-4E42-A2AC-AB702802BA56}.Release|Any CPU.Build.0 = Release|Any CPU
		{65FBF5EF-F103-446B-B853-62BDE21454F5}.Debug|Any CPU.ActiveCfg = Debug|Any CPU
		{65FBF5EF-F103-446B-B853-62BDE21454F5}.Debug|Any CPU.Build.0 = Debug|Any CPU
		{65FBF5EF-F103-446B-B853-62BDE21454F5}.Release|Any CPU.ActiveCfg = Release|Any CPU
		{65FBF5EF-F103-446B-B853-62BDE21454F5}.Release|Any CPU.Build.0 = Release|Any CPU
	EndGlobalSection
	GlobalSection(SolutionProperties) = preSolution
		HideSolutionNode = FALSE
	EndGlobalSection
	GlobalSection(ExtensibilityGlobals) = postSolution
		SolutionGuid = {EF2DF385-39B5-4670-9B18-A23BB97EFB17}
	EndGlobalSection
EndGlobal
