
Microsoft Visual Studio Solution File, Format Version 12.00
# Visual Studio 15
VisualStudioVersion = 15.0.27004.2009
MinimumVisualStudioVersion = 10.0.40219.1
Project("{FAE04EC0-301F-11D3-BF4B-00C04F79EFBC}") = "EntityFrameworkDemo", "EntityFrameworkDemo\EntityFrameworkDemo.csproj", "{339C4565-6DCE-4C42-9A8C-A79539A7D7E3}"
EndProject
Project("{FAE04EC0-301F-11D3-BF4B-00C04F79EFBC}") = "DataProvider", "DataProvider\DataProvider.csproj", "{1F10068A-0370-4EED-999F-4F860092176B}"
EndProject
Global
	GlobalSection(SolutionConfigurationPlatforms) = preSolution
		Debug|Any CPU = Debug|Any CPU
		Release|Any CPU = Release|Any CPU
	EndGlobalSection
	GlobalSection(ProjectConfigurationPlatforms) = postSolution
		{339C4565-6DCE-4C42-9A8C-A79539A7D7E3}.Debug|Any CPU.ActiveCfg = Debug|Any CPU
		{339C4565-6DCE-4C42-9A8C-A79539A7D7E3}.Debug|Any CPU.Build.0 = Debug|Any CPU
		{339C4565-6DCE-4C42-9A8C-A79539A7D7E3}.Release|Any CPU.ActiveCfg = Release|Any CPU
		{339C4565-6DCE-4C42-9A8C-A79539A7D7E3}.Release|Any CPU.Build.0 = Release|Any CPU
		{1F10068A-0370-4EED-999F-4F860092176B}.Debug|Any CPU.ActiveCfg = Debug|Any CPU
		{1F10068A-0370-4EED-999F-4F860092176B}.Debug|Any CPU.Build.0 = Debug|Any CPU
		{1F10068A-0370-4EED-999F-4F860092176B}.Release|Any CPU.ActiveCfg = Release|Any CPU
		{1F10068A-0370-4EED-999F-4F860092176B}.Release|Any CPU.Build.0 = Release|Any CPU
	EndGlobalSection
	GlobalSection(SolutionProperties) = preSolution
		HideSolutionNode = FALSE
	EndGlobalSection
	GlobalSection(ExtensibilityGlobals) = postSolution
		SolutionGuid = {D30A7790-3619-4D60-ACD4-7BDC9CA3F72A}
	EndGlobalSection
EndGlobal
